
Microsoft Visual Studio Solution File, Format Version 12.00
# Visual Studio Version 17
VisualStudioVersion = 17.11.35222.181
MinimumVisualStudioVersion = 10.0.40219.1
Project("{FAE04EC0-301F-11D3-BF4B-00C04F79EFBC}") = "DeadLockAdmin", "DeadLockAdmin\DeadLockAdmin.csproj", "{A581B4C8-41FE-4CA8-A2CA-B81318A2C017}"
EndProject
Global
	GlobalSection(SolutionConfigurationPlatforms) = preSolution
		Debug|Any CPU = Debug|Any CPU
		Release|Any CPU = Release|Any CPU
	EndGlobalSection
	GlobalSection(ProjectConfigurationPlatforms) = postSolution
		{A581B4C8-41FE-4CA8-A2CA-B81318A2C017}.Debug|Any CPU.ActiveCfg = Debug|Any CPU
		{A581B4C8-41FE-4CA8-A2CA-B81318A2C017}.Debug|Any CPU.Build.0 = Debug|Any CPU
		{A581B4C8-41FE-4CA8-A2CA-B81318A2C017}.Debug|Any CPU.Deploy.0 = Debug|Any CPU
		{A581B4C8-41FE-4CA8-A2CA-B81318A2C017}.Release|Any CPU.ActiveCfg = Release|Any CPU
		{A581B4C8-41FE-4CA8-A2CA-B81318A2C017}.Release|Any CPU.Build.0 = Release|Any CPU
		{A581B4C8-41FE-4CA8-A2CA-B81318A2C017}.Release|Any CPU.Deploy.0 = Release|Any CPU
	EndGlobalSection
	GlobalSection(SolutionProperties) = preSolution
		HideSolutionNode = FALSE
	EndGlobalSection
	GlobalSection(ExtensibilityGlobals) = postSolution
		SolutionGuid = {AD209BCD-8C01-476B-ACDE-069D44443DAC}
	EndGlobalSection
EndGlobal
